{
	"name": "simplelottery-cc",
	"version": "0.1.0",
	"lockfileVersion": 1,
	"requires": true,
	"dependencies": {
		"@types/jest": {
			"version": "24.0.17",
			"resolved": "https://registry.npmjs.org/@types/jest/-/jest-24.0.17.tgz",
			"integrity": "sha512-1cy3xkOAfSYn78dsBWy4M3h/QF/HeWPchNFDjysVtp3GHeTdSmtluNnELfCmfNRRHo0OWEcpf+NsEJQvwQfdqQ==",
			"dev": true,
			"requires": {
				"@types/jest-diff": "*"
			}
		},
		"@types/jest-diff": {
			"version": "20.0.1",
			"resolved": "https://registry.npmjs.org/@types/jest-diff/-/jest-diff-20.0.1.tgz",
			"integrity": "sha512-yALhelO3i0hqZwhjtcr6dYyaLoCHbAMshwtj6cGxTvHZAKXHsYGdff6E8EPw3xLKY0ELUTQ69Q1rQiJENnccMA==",
			"dev": true
		},
		"@types/node": {
			"version": "10.14.15",
			"resolved": "https://registry.npmjs.org/@types/node/-/node-10.14.15.tgz",
			"integrity": "sha512-CBR5avlLcu0YCILJiDIXeU2pTw7UK/NIxfC63m7d7CVamho1qDEzXKkOtEauQRPMy6MI8mLozth+JJkas7HY6g==",
			"dev": true
		}
	}
}
